<?xml version="1.0" encoding="utf-8"?>
<Project ToolsVersion="4.0" xmlns="http://schemas.microsoft.com/developer/msbuild/2003">
  <ItemGroup>
    <Filter Include="Source Files">
      <UniqueIdentifier>{4FC737F1-C7A5-4376-A066-2A32D752A2FF}</UniqueIdentifier>
      <Extensions>cpp;c;cc;cxx;c++;cppm;ixx;def;odl;idl;hpj;bat;asm;asmx</Extensions>
    </Filter>
    <Filter Include="Header Files">
      <UniqueIdentifier>{93995380-89BD-4b04-88EB-625FBE52EBFB}</UniqueIdentifier>
      <Extensions>h;hh;hpp;hxx;h++;hm;inl;inc;ipp;xsd</Extensions>
    </Filter>
    <Filter Include="Resource Files">
      <UniqueIdentifier>{67DA6AB6-F800-4c08-8B7A-83BB121AAD01}</UniqueIdentifier>
      <Extensions>rc;ico;cur;bmp;dlg;rc2;rct;bin;rgs;gif;jpg;jpeg;jpe;resx;tiff;tif;png;wav;mfcribbon-ms</Extensions>
    </Filter>
    <Filter Include="Resource Files\Shader">
      <UniqueIdentifier>{7b0139df-67b1-4dac-b659-3795573845ab}</UniqueIdentifier>
    </Filter>
    <Filter Include="Header Files\util">
      <UniqueIdentifier>{a9d5a4b9-a7f8-41d9-98da-63a957231721}</UniqueIdentifier>
    </Filter>
    <Filter Include="Source Files\util">
      <UniqueIdentifier>{2dbd358b-adad-4c4f-87a0-13ea33882087}</UniqueIdentifier>
    </Filter>
    <Filter Include="Resource Files\textures">
      <UniqueIdentifier>{2256f43b-1425-46d2-849e-ce1f55d83468}</UniqueIdentifier>
    </Filter>
    <Filter Include="Resource Files\Shader\PostProcess">
      <UniqueIdentifier>{5e191272-163c-428f-b29d-336a5d57bb46}</UniqueIdentifier>
    </Filter>
  </ItemGroup>
  <ItemGroup>
    <ClCompile Include="main.cpp">
      <Filter>Source Files</Filter>
    </ClCompile>
    <ClCompile Include="GameObject.cpp">
      <Filter>Source Files</Filter>
    </ClCompile>
    <ClCompile Include="Transform.cpp">
      <Filter>Source Files</Filter>
    </ClCompile>
    <ClCompile Include="Mesh.cpp">
      <Filter>Source Files</Filter>
    </ClCompile>
    <ClCompile Include="MeshRender.cpp">
      <Filter>Source Files</Filter>
    </ClCompile>
    <ClCompile Include="Engine.cpp">
      <Filter>Source Files</Filter>
    </ClCompile>
    <ClCompile Include="Shader.cpp">
      <Filter>Source Files</Filter>
    </ClCompile>
    <ClCompile Include="Component.cpp">
      <Filter>Source Files</Filter>
    </ClCompile>
    <ClCompile Include="Mathf.cpp">
      <Filter>Source Files\util</Filter>
    </ClCompile>
    <ClCompile Include="SceneManager.cpp">
      <Filter>Source Files</Filter>
    </ClCompile>
    <ClCompile Include="WorldGeneration.cpp">
      <Filter>Source Files</Filter>
    </ClCompile>
    <ClCompile Include="Timer.cpp">
      <Filter>Source Files\util</Filter>
    </ClCompile>
    <ClCompile Include="Camera.cpp">
      <Filter>Source Files</Filter>
    </ClCompile>
  </ItemGroup>
  <ItemGroup>
    <None Include="simple.vert">
      <Filter>Resource Files\Shader</Filter>
    </None>
    <None Include="simple.frag">
      <Filter>Resource Files\Shader</Filter>
    </None>
    <None Include="simpleDepthShader.vert">
      <Filter>Resource Files\Shader</Filter>
    </None>
    <None Include="simpleDepthShader.frag">
      <Filter>Resource Files\Shader</Filter>
    </None>
    <None Include="passthrough.vert">
      <Filter>Resource Files\Shader</Filter>
    </None>
    <None Include="passthrough.frag">
      <Filter>Resource Files\Shader</Filter>
    </None>
    <None Include="VolumetricScattering.vert">
      <Filter>Resource Files\Shader\PostProcess</Filter>
    </None>
    <None Include="VolumetricScattering.frag">
      <Filter>Resource Files\Shader\PostProcess</Filter>
    </None>
    <None Include="gBuffer.frag">
      <Filter>Resource Files\Shader</Filter>
    </None>
    <None Include="gBuffer.vert">
      <Filter>Resource Files\Shader</Filter>
    </None>
    <None Include="DeferredLightningPass.vert">
      <Filter>Resource Files\Shader\PostProcess</Filter>
    </None>
    <None Include="DeferredLightningPass.frag">
      <Filter>Resource Files\Shader\PostProcess</Filter>
    </None>
  </ItemGroup>
  <ItemGroup>
    <ClInclude Include="Object.hpp">
      <Filter>Header Files</Filter>
    </ClInclude>
    <ClInclude Include="GameObject.hpp">
      <Filter>Header Files</Filter>
    </ClInclude>
    <ClInclude Include="Component.hpp">
      <Filter>Header Files</Filter>
    </ClInclude>
    <ClInclude Include="Transform.hpp">
      <Filter>Header Files</Filter>
    </ClInclude>
    <ClInclude Include="Mesh.hpp">
      <Filter>Header Files</Filter>
    </ClInclude>
    <ClInclude Include="MeshRender.hpp">
      <Filter>Header Files</Filter>
    </ClInclude>
    <ClInclude Include="Engine.hpp">
      <Filter>Header Files</Filter>
    </ClInclude>
    <ClInclude Include="Shader.hpp">
      <Filter>Header Files</Filter>
    </ClInclude>
    <ClInclude Include="Mathf.hpp">
      <Filter>Header Files\util</Filter>
    </ClInclude>
    <ClInclude Include="Behaviour.hpp">
      <Filter>Header Files</Filter>
    </ClInclude>
    <ClInclude Include="SceneManager.hpp">
      <Filter>Header Files</Filter>
    </ClInclude>
    <ClInclude Include="Time.hpp">
      <Filter>Header Files</Filter>
    </ClInclude>
    <ClInclude Include="WorldGeneration.hpp">
      <Filter>Header Files</Filter>
    </ClInclude>
    <ClInclude Include="Timer.hpp">
      <Filter>Header Files\util</Filter>
    </ClInclude>
    <ClInclude Include="Camera.h">
      <Filter>Header Files</Filter>
    </ClInclude>
  </ItemGroup>
</Project>